
Microsoft Visual Studio Solution File, Format Version 12.00
# Visual Studio 2012
Project("{8BC9CEB8-8B4A-11D0-8D11-00A0C91BC942}") = "Engine Hack Base Mini", "Engine Hack Base Mini\Engine Hack Base Mini.vcxproj", "{A3AA32CC-2A5E-421B-87E0-3A507F609AC5}"
EndProject
Global
	GlobalSection(SolutionConfigurationPlatforms) = preSolution
		Debug|Win32 = Debug|Win32
		Release|Win32 = Release|Win32
	EndGlobalSection
	GlobalSection(ProjectConfigurationPlatforms) = postSolution
		{A3AA32CC-2A5E-421B-87E0-3A507F609AC5}.Debug|Win32.ActiveCfg = Debug|Win32
		{A3AA32CC-2A5E-421B-87E0-3A507F609AC5}.Debug|Win32.Build.0 = Debug|Win32
		{A3AA32CC-2A5E-421B-87E0-3A507F609AC5}.Release|Win32.ActiveCfg = Release|Win32
		{A3AA32CC-2A5E-421B-87E0-3A507F609AC5}.Release|Win32.Build.0 = Release|Win32
	EndGlobalSection
	GlobalSection(SolutionProperties) = preSolution
		HideSolutionNode = FALSE
	EndGlobalSection
EndGlobal
